
Microsoft Visual Studio Solution File, Format Version 12.00
# Visual Studio 14
VisualStudioVersion = 14.0.25123.0
MinimumVisualStudioVersion = 10.0.40219.1
Project("{FAE04EC0-301F-11D3-BF4B-00C04F79EFBC}") = "XFPrism.Droid", "XFPrism\XFPrism.Droid\XFPrism.Droid.csproj", "{F64D6ACA-64BF-4125-8530-BFE92A1A4E17}"
EndProject
Project("{FAE04EC0-301F-11D3-BF4B-00C04F79EFBC}") = "XFPrism.iOS", "XFPrism\XFPrism.iOS\XFPrism.iOS.csproj", "{59744D3B-CD82-49B8-B25D-B3504A0B3488}"
EndProject
Project("{FAE04EC0-301F-11D3-BF4B-00C04F79EFBC}") = "XFPrism", "XFPrism\XFPrism\XFPrism.csproj", "{A61E0045-A7D6-481A-8139-A4739A9366B8}"
EndProject
Project("{FAE04EC0-301F-11D3-BF4B-00C04F79EFBC}") = "XFPrism.UnitTest", "XFPrism.UnitTest\XFPrism.UnitTest.csproj", "{1124BD03-FE28-4C0C-B472-6289802D406E}"
EndProject
Global
	GlobalSection(SolutionConfigurationPlatforms) = preSolution
		Ad-Hoc|Any CPU = Ad-Hoc|Any CPU
		Ad-Hoc|ARM = Ad-Hoc|ARM
		Ad-Hoc|iPhone = Ad-Hoc|iPhone
		Ad-Hoc|iPhoneSimulator = Ad-Hoc|iPhoneSimulator
		Ad-Hoc|x64 = Ad-Hoc|x64
		Ad-Hoc|x86 = Ad-Hoc|x86
		AppStore|Any CPU = AppStore|Any CPU
		AppStore|ARM = AppStore|ARM
		AppStore|iPhone = AppStore|iPhone
		AppStore|iPhoneSimulator = AppStore|iPhoneSimulator
		AppStore|x64 = AppStore|x64
		AppStore|x86 = AppStore|x86
		Debug|Any CPU = Debug|Any CPU
		Debug|ARM = Debug|ARM
		Debug|iPhone = Debug|iPhone
		Debug|iPhoneSimulator = Debug|iPhoneSimulator
		Debug|x64 = Debug|x64
		Debug|x86 = Debug|x86
		Release|Any CPU = Release|Any CPU
		Release|ARM = Release|ARM
		Release|iPhone = Release|iPhone
		Release|iPhoneSimulator = Release|iPhoneSimulator
		Release|x64 = Release|x64
		Release|x86 = Release|x86
	EndGlobalSection
	GlobalSection(ProjectConfigurationPlatforms) = postSolution
		{F64D6ACA-64BF-4125-8530-BFE92A1A4E17}.Ad-Hoc|Any CPU.ActiveCfg = Release|Any CPU
		{F64D6ACA-64BF-4125-8530-BFE92A1A4E17}.Ad-Hoc|Any CPU.Build.0 = Release|Any CPU
		{F64D6ACA-64BF-4125-8530-BFE92A1A4E17}.Ad-Hoc|Any CPU.Deploy.0 = Release|Any CPU
		{F64D6ACA-64BF-4125-8530-BFE92A1A4E17}.Ad-Hoc|ARM.ActiveCfg = Release|Any CPU
		{F64D6ACA-64BF-4125-8530-BFE92A1A4E17}.Ad-Hoc|ARM.Build.0 = Release|Any CPU
		{F64D6ACA-64BF-4125-8530-BFE92A1A4E17}.Ad-Hoc|ARM.Deploy.0 = Release|Any CPU
		{F64D6ACA-64BF-4125-8530-BFE92A1A4E17}.Ad-Hoc|iPhone.ActiveCfg = Release|Any CPU
		{F64D6ACA-64BF-4125-8530-BFE92A1A4E17}.Ad-Hoc|iPhone.Build.0 = Release|Any CPU
		{F64D6ACA-64BF-4125-8530-BFE92A1A4E17}.Ad-Hoc|iPhone.Deploy.0 = Release|Any CPU
		{F64D6ACA-64BF-4125-8530-BFE92A1A4E17}.Ad-Hoc|iPhoneSimulator.ActiveCfg = Release|Any CPU
		{F64D6ACA-64BF-4125-8530-BFE92A1A4E17}.Ad-Hoc|iPhoneSimulator.Build.0 = Release|Any CPU
		{F64D6ACA-64BF-4125-8530-BFE92A1A4E17}.Ad-Hoc|iPhoneSimulator.Deploy.0 = Release|Any CPU
		{F64D6ACA-64BF-4125-8530-BFE92A1A4E17}.Ad-Hoc|x64.ActiveCfg = Release|Any CPU
		{F64D6ACA-64BF-4125-8530-BFE92A1A4E17}.Ad-Hoc|x64.Build.0 = Release|Any CPU
		{F64D6ACA-64BF-4125-8530-BFE92A1A4E17}.Ad-Hoc|x64.Deploy.0 = Release|Any CPU
		{F64D6ACA-64BF-4125-8530-BFE92A1A4E17}.Ad-Hoc|x86.ActiveCfg = Release|Any CPU
		{F64D6ACA-64BF-4125-8530-BFE92A1A4E17}.Ad-Hoc|x86.Build.0 = Release|Any CPU
		{F64D6ACA-64BF-4125-8530-BFE92A1A4E17}.Ad-Hoc|x86.Deploy.0 = Release|Any CPU
		{F64D6ACA-64BF-4125-8530-BFE92A1A4E17}.AppStore|Any CPU.ActiveCfg = Release|Any CPU
		{F64D6ACA-64BF-4125-8530-BFE92A1A4E17}.AppStore|Any CPU.Build.0 = Release|Any CPU
		{F64D6ACA-64BF-4125-8530-BFE92A1A4E17}.AppStore|Any CPU.Deploy.0 = Release|Any CPU
		{F64D6ACA-64BF-4125-8530-BFE92A1A4E17}.AppStore|ARM.ActiveCfg = Release|Any CPU
		{F64D6ACA-64BF-4125-8530-BFE92A1A4E17}.AppStore|ARM.Build.0 = Release|Any CPU
		{F64D6ACA-64BF-4125-8530-BFE92A1A4E17}.AppStore|ARM.Deploy.0 = Release|Any CPU
		{F64D6ACA-64BF-4125-8530-BFE92A1A4E17}.AppStore|iPhone.ActiveCfg = Release|Any CPU
		{F64D6ACA-64BF-4125-8530-BFE92A1A4E17}.AppStore|iPhone.Build.0 = Release|Any CPU
		{F64D6ACA-64BF-4125-8530-BFE92A1A4E17}.AppStore|iPhone.Deploy.0 = Release|Any CPU
		{F64D6ACA-64BF-4125-8530-BFE92A1A4E17}.AppStore|iPhoneSimulator.ActiveCfg = Release|Any CPU
		{F64D6ACA-64BF-4125-8530-BFE92A1A4E17}.AppStore|iPhoneSimulator.Build.0 = Release|Any CPU
		{F64D6ACA-64BF-4125-8530-BFE92A1A4E17}.AppStore|iPhoneSimulator.Deploy.0 = Release|Any CPU
		{F64D6ACA-64BF-4125-8530-BFE92A1A4E17}.AppStore|x64.ActiveCfg = Release|Any CPU
		{F64D6ACA-64BF-4125-8530-BFE92A1A4E17}.AppStore|x64.Build.0 = Release|Any CPU
		{F64D6ACA-64BF-4125-8530-BFE92A1A4E17}.AppStore|x64.Deploy.0 = Release|Any CPU
		{F64D6ACA-64BF-4125-8530-BFE92A1A4E17}.AppStore|x86.ActiveCfg = Release|Any CPU
		{F64D6ACA-64BF-4125-8530-BFE92A1A4E17}.AppStore|x86.Build.0 = Release|Any CPU
		{F64D6ACA-64BF-4125-8530-BFE92A1A4E17}.AppStore|x86.Deploy.0 = Release|Any CPU
		{F64D6ACA-64BF-4125-8530-BFE92A1A4E17}.Debug|Any CPU.ActiveCfg = Debug|Any CPU
		{F64D6ACA-64BF-4125-8530-BFE92A1A4E17}.Debug|Any CPU.Build.0 = Debug|Any CPU
		{F64D6ACA-64BF-4125-8530-BFE92A1A4E17}.Debug|Any CPU.Deploy.0 = Debug|Any CPU
		{F64D6ACA-64BF-4125-8530-BFE92A1A4E17}.Debug|ARM.ActiveCfg = Debug|Any CPU
		{F64D6ACA-64BF-4125-8530-BFE92A1A4E17}.Debug|ARM.Build.0 = Debug|Any CPU
		{F64D6ACA-64BF-4125-8530-BFE92A1A4E17}.Debug|ARM.Deploy.0 = Debug|Any CPU
		{F64D6ACA-64BF-4125-8530-BFE92A1A4E17}.Debug|iPhone.ActiveCfg = Debug|Any CPU
		{F64D6ACA-64BF-4125-8530-BFE92A1A4E17}.Debug|iPhone.Build.0 = Debug|Any CPU
		{F64D6ACA-64BF-4125-8530-BFE92A1A4E17}.Debug|iPhone.Deploy.0 = Debug|Any CPU
		{F64D6ACA-64BF-4125-8530-BFE92A1A4E17}.Debug|iPhoneSimulator.ActiveCfg = Debug|Any CPU
		{F64D6ACA-64BF-4125-8530-BFE92A1A4E17}.Debug|iPhoneSimulator.Build.0 = Debug|Any CPU
		{F64D6ACA-64BF-4125-8530-BFE92A1A4E17}.Debug|iPhoneSimulator.Deploy.0 = Debug|Any CPU
		{F64D6ACA-64BF-4125-8530-BFE92A1A4E17}.Debug|x64.ActiveCfg = Debug|Any CPU
		{F64D6ACA-64BF-4125-8530-BFE92A1A4E17}.Debug|x64.Build.0 = Debug|Any CPU
		{F64D6ACA-64BF-4125-8530-BFE92A1A4E17}.Debug|x64.Deploy.0 = Debug|Any CPU
		{F64D6ACA-64BF-4125-8530-BFE92A1A4E17}.Debug|x86.ActiveCfg = Debug|Any CPU
		{F64D6ACA-64BF-4125-8530-BFE92A1A4E17}.Debug|x86.Build.0 = Debug|Any CPU
		{F64D6ACA-64BF-4125-8530-BFE92A1A4E17}.Debug|x86.Deploy.0 = Debug|Any CPU
		{F64D6ACA-64BF-4125-8530-BFE92A1A4E17}.Release|Any CPU.ActiveCfg = Release|Any CPU
		{F64D6ACA-64BF-4125-8530-BFE92A1A4E17}.Release|Any CPU.Build.0 = Release|Any CPU
		{F64D6ACA-64BF-4125-8530-BFE92A1A4E17}.Release|Any CPU.Deploy.0 = Release|Any CPU
		{F64D6ACA-64BF-4125-8530-BFE92A1A4E17}.Release|ARM.ActiveCfg = Release|Any CPU
		{F64D6ACA-64BF-4125-8530-BFE92A1A4E17}.Release|ARM.Build.0 = Release|Any CPU
		{F64D6ACA-64BF-4125-8530-BFE92A1A4E17}.Release|ARM.Deploy.0 = Release|Any CPU
		{F64D6ACA-64BF-4125-8530-BFE92A1A4E17}.Release|iPhone.ActiveCfg = Release|Any CPU
		{F64D6ACA-64BF-4125-8530-BFE92A1A4E17}.Release|iPhone.Build.0 = Release|Any CPU
		{F64D6ACA-64BF-4125-8530-BFE92A1A4E17}.Release|iPhone.Deploy.0 = Release|Any CPU
		{F64D6ACA-64BF-4125-8530-BFE92A1A4E17}.Release|iPhoneSimulator.ActiveCfg = Release|Any CPU
		{F64D6ACA-64BF-4125-8530-BFE92A1A4E17}.Release|iPhoneSimulator.Build.0 = Release|Any CPU
		{F64D6ACA-64BF-4125-8530-BFE92A1A4E17}.Release|iPhoneSimulator.Deploy.0 = Release|Any CPU
		{F64D6ACA-64BF-4125-8530-BFE92A1A4E17}.Release|x64.ActiveCfg = Release|Any CPU
		{F64D6ACA-64BF-4125-8530-BFE92A1A4E17}.Release|x64.Build.0 = Release|Any CPU
		{F64D6ACA-64BF-4125-8530-BFE92A1A4E17}.Release|x64.Deploy.0 = Release|Any CPU
		{F64D6ACA-64BF-4125-8530-BFE92A1A4E17}.Release|x86.ActiveCfg = Release|Any CPU
		{F64D6ACA-64BF-4125-8530-BFE92A1A4E17}.Release|x86.Build.0 = Release|Any CPU
		{F64D6ACA-64BF-4125-8530-BFE92A1A4E17}.Release|x86.Deploy.0 = Release|Any CPU
		{59744D3B-CD82-49B8-B25D-B3504A0B3488}.Ad-Hoc|Any CPU.ActiveCfg = Ad-Hoc|iPhone
		{59744D3B-CD82-49B8-B25D-B3504A0B3488}.Ad-Hoc|ARM.ActiveCfg = Ad-Hoc|iPhone
		{59744D3B-CD82-49B8-B25D-B3504A0B3488}.Ad-Hoc|iPhone.ActiveCfg = Ad-Hoc|iPhone
		{59744D3B-CD82-49B8-B25D-B3504A0B3488}.Ad-Hoc|iPhone.Build.0 = Ad-Hoc|iPhone
		{59744D3B-CD82-49B8-B25D-B3504A0B3488}.Ad-Hoc|iPhoneSimulator.ActiveCfg = Ad-Hoc|iPhoneSimulator
		{59744D3B-CD82-49B8-B25D-B3504A0B3488}.Ad-Hoc|iPhoneSimulator.Build.0 = Ad-Hoc|iPhoneSimulator
		{59744D3B-CD82-49B8-B25D-B3504A0B3488}.Ad-Hoc|x64.ActiveCfg = Ad-Hoc|iPhone
		{59744D3B-CD82-49B8-B25D-B3504A0B3488}.Ad-Hoc|x86.ActiveCfg = Ad-Hoc|iPhone
		{59744D3B-CD82-49B8-B25D-B3504A0B3488}.AppStore|Any CPU.ActiveCfg = AppStore|iPhone
		{59744D3B-CD82-49B8-B25D-B3504A0B3488}.AppStore|ARM.ActiveCfg = AppStore|iPhone
		{59744D3B-CD82-49B8-B25D-B3504A0B3488}.AppStore|iPhone.ActiveCfg = AppStore|iPhone
		{59744D3B-CD82-49B8-B25D-B3504A0B3488}.AppStore|iPhone.Build.0 = AppStore|iPhone
		{59744D3B-CD82-49B8-B25D-B3504A0B3488}.AppStore|iPhoneSimulator.ActiveCfg = AppStore|iPhoneSimulator
		{59744D3B-CD82-49B8-B25D-B3504A0B3488}.AppStore|iPhoneSimulator.Build.0 = AppStore|iPhoneSimulator
		{59744D3B-CD82-49B8-B25D-B3504A0B3488}.AppStore|x64.ActiveCfg = AppStore|iPhone
		{59744D3B-CD82-49B8-B25D-B3504A0B3488}.AppStore|x86.ActiveCfg = AppStore|iPhone
		{59744D3B-CD82-49B8-B25D-B3504A0B3488}.Debug|Any CPU.ActiveCfg = Debug|iPhone
		{59744D3B-CD82-49B8-B25D-B3504A0B3488}.Debug|ARM.ActiveCfg = Debug|iPhone
		{59744D3B-CD82-49B8-B25D-B3504A0B3488}.Debug|iPhone.ActiveCfg = Debug|iPhone
		{59744D3B-CD82-49B8-B25D-B3504A0B3488}.Debug|iPhone.Build.0 = Debug|iPhone
		{59744D3B-CD82-49B8-B25D-B3504A0B3488}.Debug|iPhoneSimulator.ActiveCfg = Debug|iPhoneSimulator
		{59744D3B-CD82-49B8-B25D-B3504A0B3488}.Debug|iPhoneSimulator.Build.0 = Debug|iPhoneSimulator
		{59744D3B-CD82-49B8-B25D-B3504A0B3488}.Debug|x64.ActiveCfg = Debug|iPhone
		{59744D3B-CD82-49B8-B25D-B3504A0B3488}.Debug|x86.ActiveCfg = Debug|iPhone
		{59744D3B-CD82-49B8-B25D-B3504A0B3488}.Release|Any CPU.ActiveCfg = Release|iPhone
		{59744D3B-CD82-49B8-B25D-B3504A0B3488}.Release|ARM.ActiveCfg = Release|iPhone
		{59744D3B-CD82-49B8-B25D-B3504A0B3488}.Release|iPhone.ActiveCfg = Release|iPhone
		{59744D3B-CD82-49B8-B25D-B3504A0B3488}.Release|iPhone.Build.0 = Release|iPhone
		{59744D3B-CD82-49B8-B25D-B3504A0B3488}.Release|iPhoneSimulator.ActiveCfg = Release|iPhoneSimulator
		{59744D3B-CD82-49B8-B25D-B3504A0B3488}.Release|iPhoneSimulator.Build.0 = Release|iPhoneSimulator
		{59744D3B-CD82-49B8-B25D-B3504A0B3488}.Release|x64.ActiveCfg = Release|iPhone
		{59744D3B-CD82-49B8-B25D-B3504A0B3488}.Release|x86.ActiveCfg = Release|iPhone
		{A61E0045-A7D6-481A-8139-A4739A9366B8}.Ad-Hoc|Any CPU.ActiveCfg = Release|Any CPU
		{A61E0045-A7D6-481A-8139-A4739A9366B8}.Ad-Hoc|Any CPU.Build.0 = Release|Any CPU
		{A61E0045-A7D6-481A-8139-A4739A9366B8}.Ad-Hoc|ARM.ActiveCfg = Release|Any CPU
		{A61E0045-A7D6-481A-8139-A4739A9366B8}.Ad-Hoc|ARM.Build.0 = Release|Any CPU
		{A61E0045-A7D6-481A-8139-A4739A9366B8}.Ad-Hoc|iPhone.ActiveCfg = Release|Any CPU
		{A61E0045-A7D6-481A-8139-A4739A9366B8}.Ad-Hoc|iPhone.Build.0 = Release|Any CPU
		{A61E0045-A7D6-481A-8139-A4739A9366B8}.Ad-Hoc|iPhoneSimulator.ActiveCfg = Release|Any CPU
		{A61E0045-A7D6-481A-8139-A4739A9366B8}.Ad-Hoc|iPhoneSimulator.Build.0 = Release|Any CPU
		{A61E0045-A7D6-481A-8139-A4739A9366B8}.Ad-Hoc|x64.ActiveCfg = Release|Any CPU
		{A61E0045-A7D6-481A-8139-A4739A9366B8}.Ad-Hoc|x64.Build.0 = Release|Any CPU
		{A61E0045-A7D6-481A-8139-A4739A9366B8}.Ad-Hoc|x86.ActiveCfg = Release|Any CPU
		{A61E0045-A7D6-481A-8139-A4739A9366B8}.Ad-Hoc|x86.Build.0 = Release|Any CPU
		{A61E0045-A7D6-481A-8139-A4739A9366B8}.AppStore|Any CPU.ActiveCfg = Release|Any CPU
		{A61E0045-A7D6-481A-8139-A4739A9366B8}.AppStore|Any CPU.Build.0 = Release|Any CPU
		{A61E0045-A7D6-481A-8139-A4739A9366B8}.AppStore|ARM.ActiveCfg = Release|Any CPU
		{A61E0045-A7D6-481A-8139-A4739A9366B8}.AppStore|ARM.Build.0 = Release|Any CPU
		{A61E0045-A7D6-481A-8139-A4739A9366B8}.AppStore|iPhone.ActiveCfg = Release|Any CPU
		{A61E0045-A7D6-481A-8139-A4739A9366B8}.AppStore|iPhone.Build.0 = Release|Any CPU
		{A61E0045-A7D6-481A-8139-A4739A9366B8}.AppStore|iPhoneSimulator.ActiveCfg = Release|Any CPU
		{A61E0045-A7D6-481A-8139-A4739A9366B8}.AppStore|iPhoneSimulator.Build.0 = Release|Any CPU
		{A61E0045-A7D6-481A-8139-A4739A9366B8}.AppStore|x64.ActiveCfg = Release|Any CPU
		{A61E0045-A7D6-481A-8139-A4739A9366B8}.AppStore|x64.Build.0 = Release|Any CPU
		{A61E0045-A7D6-481A-8139-A4739A9366B8}.AppStore|x86.ActiveCfg = Release|Any CPU
		{A61E0045-A7D6-481A-8139-A4739A9366B8}.AppStore|x86.Build.0 = Release|Any CPU
		{A61E0045-A7D6-481A-8139-A4739A9366B8}.Debug|Any CPU.ActiveCfg = Debug|Any CPU
		{A61E0045-A7D6-481A-8139-A4739A9366B8}.Debug|Any CPU.Build.0 = Debug|Any CPU
		{A61E0045-A7D6-481A-8139-A4739A9366B8}.Debug|ARM.ActiveCfg = Debug|Any CPU
		{A61E0045-A7D6-481A-8139-A4739A9366B8}.Debug|ARM.Build.0 = Debug|Any CPU
		{A61E0045-A7D6-481A-8139-A4739A9366B8}.Debug|iPhone.ActiveCfg = Debug|Any CPU
		{A61E0045-A7D6-481A-8139-A4739A9366B8}.Debug|iPhone.Build.0 = Debug|Any CPU
		{A61E0045-A7D6-481A-8139-A4739A9366B8}.Debug|iPhoneSimulator.ActiveCfg = Debug|Any CPU
		{A61E0045-A7D6-481A-8139-A4739A9366B8}.Debug|iPhoneSimulator.Build.0 = Debug|Any CPU
		{A61E0045-A7D6-481A-8139-A4739A9366B8}.Debug|x64.ActiveCfg = Debug|Any CPU
		{A61E0045-A7D6-481A-8139-A4739A9366B8}.Debug|x64.Build.0 = Debug|Any CPU
		{A61E0045-A7D6-481A-8139-A4739A9366B8}.Debug|x86.ActiveCfg = Debug|Any CPU
		{A61E0045-A7D6-481A-8139-A4739A9366B8}.Debug|x86.Build.0 = Debug|Any CPU
		{A61E0045-A7D6-481A-8139-A4739A9366B8}.Release|Any CPU.ActiveCfg = Release|Any CPU
		{A61E0045-A7D6-481A-8139-A4739A9366B8}.Release|Any CPU.Build.0 = Release|Any CPU
		{A61E0045-A7D6-481A-8139-A4739A9366B8}.Release|ARM.ActiveCfg = Release|Any CPU
		{A61E0045-A7D6-481A-8139-A4739A9366B8}.Release|ARM.Build.0 = Release|Any CPU
		{A61E0045-A7D6-481A-8139-A4739A9366B8}.Release|iPhone.ActiveCfg = Release|Any CPU
		{A61E0045-A7D6-481A-8139-A4739A9366B8}.Release|iPhone.Build.0 = Release|Any CPU
		{A61E0045-A7D6-481A-8139-A4739A9366B8}.Release|iPhoneSimulator.ActiveCfg = Release|Any CPU
		{A61E0045-A7D6-481A-8139-A4739A9366B8}.Release|iPhoneSimulator.Build.0 = Release|Any CPU
		{A61E0045-A7D6-481A-8139-A4739A9366B8}.Release|x64.ActiveCfg = Release|Any CPU
		{A61E0045-A7D6-481A-8139-A4739A9366B8}.Release|x64.Build.0 = Release|Any CPU
		{A61E0045-A7D6-481A-8139-A4739A9366B8}.Release|x86.ActiveCfg = Release|Any CPU
		{A61E0045-A7D6-481A-8139-A4739A9366B8}.Release|x86.Build.0 = Release|Any CPU
		{1124BD03-FE28-4C0C-B472-6289802D406E}.Ad-Hoc|Any CPU.ActiveCfg = Release|Any CPU
		{1124BD03-FE28-4C0C-B472-6289802D406E}.Ad-Hoc|Any CPU.Build.0 = Release|Any CPU
		{1124BD03-FE28-4C0C-B472-6289802D406E}.Ad-Hoc|ARM.ActiveCfg = Release|Any CPU
		{1124BD03-FE28-4C0C-B472-6289802D406E}.Ad-Hoc|ARM.Build.0 = Release|Any CPU
		{1124BD03-FE28-4C0C-B472-6289802D406E}.Ad-Hoc|iPhone.ActiveCfg = Release|Any CPU
		{1124BD03-FE28-4C0C-B472-6289802D406E}.Ad-Hoc|iPhone.Build.0 = Release|Any CPU
		{1124BD03-FE28-4C0C-B472-6289802D406E}.Ad-Hoc|iPhoneSimulator.ActiveCfg = Release|Any CPU
		{1124BD03-FE28-4C0C-B472-6289802D406E}.Ad-Hoc|iPhoneSimulator.Build.0 = Release|Any CPU
		{1124BD03-FE28-4C0C-B472-6289802D406E}.Ad-Hoc|x64.ActiveCfg = Release|Any CPU
		{1124BD03-FE28-4C0C-B472-6289802D406E}.Ad-Hoc|x64.Build.0 = Release|Any CPU
		{1124BD03-FE28-4C0C-B472-6289802D406E}.Ad-Hoc|x86.ActiveCfg = Release|Any CPU
		{1124BD03-FE28-4C0C-B472-6289802D406E}.Ad-Hoc|x86.Build.0 = Release|Any CPU
		{1124BD03-FE28-4C0C-B472-6289802D406E}.AppStore|Any CPU.ActiveCfg = Release|Any CPU
		{1124BD03-FE28-4C0C-B472-6289802D406E}.AppStore|Any CPU.Build.0 = Release|Any CPU
		{1124BD03-FE28-4C0C-B472-6289802D406E}.AppStore|ARM.ActiveCfg = Release|Any CPU
		{1124BD03-FE28-4C0C-B472-6289802D406E}.AppStore|ARM.Build.0 = Release|Any CPU
		{1124BD03-FE28-4C0C-B472-6289802D406E}.AppStore|iPhone.ActiveCfg = Release|Any CPU
		{1124BD03-FE28-4C0C-B472-6289802D406E}.AppStore|iPhone.Build.0 = Release|Any CPU
		{1124BD03-FE28-4C0C-B472-6289802D406E}.AppStore|iPhoneSimulator.ActiveCfg = Release|Any CPU
		{1124BD03-FE28-4C0C-B472-6289802D406E}.AppStore|iPhoneSimulator.Build.0 = Release|Any CPU
		{1124BD03-FE28-4C0C-B472-6289802D406E}.AppStore|x64.ActiveCfg = Release|Any CPU
		{1124BD03-FE28-4C0C-B472-6289802D406E}.AppStore|x64.Build.0 = Release|Any CPU
		{1124BD03-FE28-4C0C-B472-6289802D406E}.AppStore|x86.ActiveCfg = Release|Any CPU
		{1124BD03-FE28-4C0C-B472-6289802D406E}.AppStore|x86.Build.0 = Release|Any CPU
		{1124BD03-FE28-4C0C-B472-6289802D406E}.Debug|Any CPU.ActiveCfg = Debug|Any CPU
		{1124BD03-FE28-4C0C-B472-6289802D406E}.Debug|Any CPU.Build.0 = Debug|Any CPU
		{1124BD03-FE28-4C0C-B472-6289802D406E}.Debug|ARM.ActiveCfg = Debug|Any CPU
		{1124BD03-FE28-4C0C-B472-6289802D406E}.Debug|ARM.Build.0 = Debug|Any CPU
		{1124BD03-FE28-4C0C-B472-6289802D406E}.Debug|iPhone.ActiveCfg = Debug|Any CPU
		{1124BD03-FE28-4C0C-B472-6289802D406E}.Debug|iPhone.Build.0 = Debug|Any CPU
		{1124BD03-FE28-4C0C-B472-6289802D406E}.Debug|iPhoneSimulator.ActiveCfg = Debug|Any CPU
		{1124BD03-FE28-4C0C-B472-6289802D406E}.Debug|iPhoneSimulator.Build.0 = Debug|Any CPU
		{1124BD03-FE28-4C0C-B472-6289802D406E}.Debug|x64.ActiveCfg = Debug|Any CPU
		{1124BD03-FE28-4C0C-B472-6289802D406E}.Debug|x64.Build.0 = Debug|Any CPU
		{1124BD03-FE28-4C0C-B472-6289802D406E}.Debug|x86.ActiveCfg = Debug|Any CPU
		{1124BD03-FE28-4C0C-B472-6289802D406E}.Debug|x86.Build.0 = Debug|Any CPU
		{1124BD03-FE28-4C0C-B472-6289802D406E}.Release|Any CPU.ActiveCfg = Release|Any CPU
		{1124BD03-FE28-4C0C-B472-6289802D406E}.Release|Any CPU.Build.0 = Release|Any CPU
		{1124BD03-FE28-4C0C-B472-6289802D406E}.Release|ARM.ActiveCfg = Release|Any CPU
		{1124BD03-FE28-4C0C-B472-6289802D406E}.Release|ARM.Build.0 = Release|Any CPU
		{1124BD03-FE28-4C0C-B472-6289802D406E}.Release|iPhone.ActiveCfg = Release|Any CPU
		{1124BD03-FE28-4C0C-B472-6289802D406E}.Release|iPhone.Build.0 = Release|Any CPU
		{1124BD03-FE28-4C0C-B472-6289802D406E}.Release|iPhoneSimulator.ActiveCfg = Release|Any CPU
		{1124BD03-FE28-4C0C-B472-6289802D406E}.Release|iPhoneSimulator.Build.0 = Release|Any CPU
		{1124BD03-FE28-4C0C-B472-6289802D406E}.Release|x64.ActiveCfg = Release|Any CPU
		{1124BD03-FE28-4C0C-B472-6289802D406E}.Release|x64.Build.0 = Release|Any CPU
		{1124BD03-FE28-4C0C-B472-6289802D406E}.Release|x86.ActiveCfg = Release|Any CPU
		{1124BD03-FE28-4C0C-B472-6289802D406E}.Release|x86.Build.0 = Release|Any CPU
	EndGlobalSection
	GlobalSection(SolutionProperties) = preSolution
		HideSolutionNode = FALSE
	EndGlobalSection
EndGlobal
